// !$*UTF8*$!
{
	archiveVersion = 1;
	classes = {
	};
	objectVersion = 60;
	objects = {

/* Begin PBXBuildFile section */
		650C4E892C5D171D003F2566 /* DracAppApp.swift in Sources */ = {isa = PBXBuildFile; fileRef = 650C4E882C5D171D003F2566 /* DracAppApp.swift */; };
		650C4E8B2C5D171D003F2566 /* MainView.swift in Sources */ = {isa = PBXBuildFile; fileRef = 650C4E8A2C5D171D003F2566 /* MainView.swift */; };
		650C4E8D2C5D171D003F2566 /* Assets.xcassets in Resources */ = {isa = PBXBuildFile; fileRef = 650C4E8C2C5D171D003F2566 /* Assets.xcassets */; };
		650C4E902C5D171D003F2566 /* Preview Assets.xcassets in Resources */ = {isa = PBXBuildFile; fileRef = 650C4E8F2C5D171D003F2566 /* Preview Assets.xcassets */; };
		651A1E482C7868B500AB71B0 /* BluetoothManager.swift in Sources */ = {isa = PBXBuildFile; fileRef = 651A1E472C7868B500AB71B0 /* BluetoothManager.swift */; };
		65202DB22C7A1A4600FD8FC8 /* LocationDetailsView.swift in Sources */ = {isa = PBXBuildFile; fileRef = 65202DB12C7A1A4600FD8FC8 /* LocationDetailsView.swift */; };
		653735FA2C60B35700A91D97 /* ComponentsView.swift in Sources */ = {isa = PBXBuildFile; fileRef = 653735F92C60B35700A91D97 /* ComponentsView.swift */; };
		653735FC2C60B39000A91D97 /* MainViewModel.swift in Sources */ = {isa = PBXBuildFile; fileRef = 653735FB2C60B39000A91D97 /* MainViewModel.swift */; };
		653BB6A72C76007500C0E7F8 /* YouTubeAPI.swift in Sources */ = {isa = PBXBuildFile; fileRef = 653BB6A62C76007500C0E7F8 /* YouTubeAPI.swift */; };
		658545DB2C76763800E368AD /* VideoDetailView.swift in Sources */ = {isa = PBXBuildFile; fileRef = 658545DA2C76763800E368AD /* VideoDetailView.swift */; };
		658545DE2C76782C00E368AD /* YouTubePlayerKit in Frameworks */ = {isa = PBXBuildFile; productRef = 658545DD2C76782C00E368AD /* YouTubePlayerKit */; };
		658B67E02C66132000BED98B /* SpeedView.swift in Sources */ = {isa = PBXBuildFile; fileRef = 658B67DF2C66132000BED98B /* SpeedView.swift */; };
		658B67E22C66176200BED98B /* ThemeChangeView.swift in Sources */ = {isa = PBXBuildFile; fileRef = 658B67E12C66176200BED98B /* ThemeChangeView.swift */; };
		658B67E62C6760E000BED98B /* YoutubeMusicView.swift in Sources */ = {isa = PBXBuildFile; fileRef = 658B67E52C6760E000BED98B /* YoutubeMusicView.swift */; };
		658B67E82C67C7F000BED98B /* FirstMusicView.swift in Sources */ = {isa = PBXBuildFile; fileRef = 658B67E72C67C7F000BED98B /* FirstMusicView.swift */; };
		658B67EA2C68A4D800BED98B /* ShoppingView.swift in Sources */ = {isa = PBXBuildFile; fileRef = 658B67E92C68A4D800BED98B /* ShoppingView.swift */; };
		658B67ED2C68A5A800BED98B /* ShoppingItemView.swift in Sources */ = {isa = PBXBuildFile; fileRef = 658B67EC2C68A5A800BED98B /* ShoppingItemView.swift */; };
		658B67EF2C6A24D000BED98B /* SpotifyiOS.xcframework in Frameworks */ = {isa = PBXBuildFile; fileRef = 658B67EE2C6A24D000BED98B /* SpotifyiOS.xcframework */; };
		658B67F42C6A2BFA00BED98B /* Constants.swift in Sources */ = {isa = PBXBuildFile; fileRef = 658B67F32C6A2BFA00BED98B /* Constants.swift */; };
		658B67F62C6A525200BED98B /* SpotifyViewModel.swift in Sources */ = {isa = PBXBuildFile; fileRef = 658B67F52C6A525200BED98B /* SpotifyViewModel.swift */; };
		658B67F82C6A6E0900BED98B /* SpotifyView.swift in Sources */ = {isa = PBXBuildFile; fileRef = 658B67F72C6A6E0900BED98B /* SpotifyView.swift */; };
		659465422C5E7C0300D58326 /* ActiveView.swift in Sources */ = {isa = PBXBuildFile; fileRef = 659465412C5E7C0300D58326 /* ActiveView.swift */; };
		65AF5B462C8C568700098D6F /* Localizable.strings in Resources */ = {isa = PBXBuildFile; fileRef = 65AF5B442C8C568700098D6F /* Localizable.strings */; };
		65B87E652C73DD69002047F8 /* YoutubeMusicViewModel.swift in Sources */ = {isa = PBXBuildFile; fileRef = 65B87E642C73DD69002047F8 /* YoutubeMusicViewModel.swift */; };
		65B87E672C73DECA002047F8 /* MusicView.swift in Sources */ = {isa = PBXBuildFile; fileRef = 65B87E662C73DECA002047F8 /* MusicView.swift */; };
		65CA7EB62C6113A5003BCE79 /* OnboardingView.swift in Sources */ = {isa = PBXBuildFile; fileRef = 65CA7EB52C6113A5003BCE79 /* OnboardingView.swift */; };
		65CA7EB82C613403003BCE79 /* WelcomeMessageView.swift in Sources */ = {isa = PBXBuildFile; fileRef = 65CA7EB72C613403003BCE79 /* WelcomeMessageView.swift */; };
		65CA7EBA2C613E5F003BCE79 /* SettingsView.swift in Sources */ = {isa = PBXBuildFile; fileRef = 65CA7EB92C613E5E003BCE79 /* SettingsView.swift */; };
		65DC9B082C721C810025CC7D /* MapView.swift in Sources */ = {isa = PBXBuildFile; fileRef = 65DC9B072C721C810025CC7D /* MapView.swift */; };
		65DC9B0A2C735E6C0025CC7D /* AppleMusicView.swift in Sources */ = {isa = PBXBuildFile; fileRef = 65DC9B092C735E6C0025CC7D /* AppleMusicView.swift */; };
		65E01F0E2C63B32F000D0780 /* LocationManager.swift in Sources */ = {isa = PBXBuildFile; fileRef = 65E01F0D2C63B32F000D0780 /* LocationManager.swift */; };
		65FC2FF42C776AFB00D9C068 /* SleepModeView.swift in Sources */ = {isa = PBXBuildFile; fileRef = 65FC2FF32C776AFB00D9C068 /* SleepModeView.swift */; };
		65FC2FF62C7776CD00D9C068 /* RadioView.swift in Sources */ = {isa = PBXBuildFile; fileRef = 65FC2FF52C7776CD00D9C068 /* RadioView.swift */; };
/* End PBXBuildFile section */

/* Begin PBXFileReference section */
		650C4E852C5D171D003F2566 /* DracApp.app */ = {isa = PBXFileReference; explicitFileType = wrapper.application; includeInIndex = 0; path = DracApp.app; sourceTree = BUILT_PRODUCTS_DIR; };
		650C4E882C5D171D003F2566 /* DracAppApp.swift */ = {isa = PBXFileReference; lastKnownFileType = sourcecode.swift; path = DracAppApp.swift; sourceTree = "<group>"; };
		650C4E8A2C5D171D003F2566 /* MainView.swift */ = {isa = PBXFileReference; lastKnownFileType = sourcecode.swift; path = MainView.swift; sourceTree = "<group>"; };
		650C4E8C2C5D171D003F2566 /* Assets.xcassets */ = {isa = PBXFileReference; lastKnownFileType = folder.assetcatalog; path = Assets.xcassets; sourceTree = "<group>"; };
		650C4E8F2C5D171D003F2566 /* Preview Assets.xcassets */ = {isa = PBXFileReference; lastKnownFileType = folder.assetcatalog; path = "Preview Assets.xcassets"; sourceTree = "<group>"; };
		651A1E472C7868B500AB71B0 /* BluetoothManager.swift */ = {isa = PBXFileReference; lastKnownFileType = sourcecode.swift; path = BluetoothManager.swift; sourceTree = "<group>"; };
		65202DB12C7A1A4600FD8FC8 /* LocationDetailsView.swift */ = {isa = PBXFileReference; lastKnownFileType = sourcecode.swift; path = LocationDetailsView.swift; sourceTree = "<group>"; };
		653735F92C60B35700A91D97 /* ComponentsView.swift */ = {isa = PBXFileReference; lastKnownFileType = sourcecode.swift; path = ComponentsView.swift; sourceTree = "<group>"; };
		653735FB2C60B39000A91D97 /* MainViewModel.swift */ = {isa = PBXFileReference; lastKnownFileType = sourcecode.swift; path = MainViewModel.swift; sourceTree = "<group>"; };
		653BB6A42C75F49300C0E7F8 /* Config.xcconfig */ = {isa = PBXFileReference; lastKnownFileType = text.xcconfig; path = Config.xcconfig; sourceTree = "<group>"; };
		653BB6A62C76007500C0E7F8 /* YouTubeAPI.swift */ = {isa = PBXFileReference; lastKnownFileType = sourcecode.swift; path = YouTubeAPI.swift; sourceTree = "<group>"; };
		658545DA2C76763800E368AD /* VideoDetailView.swift */ = {isa = PBXFileReference; lastKnownFileType = sourcecode.swift; path = VideoDetailView.swift; sourceTree = "<group>"; };
		658B67DF2C66132000BED98B /* SpeedView.swift */ = {isa = PBXFileReference; lastKnownFileType = sourcecode.swift; path = SpeedView.swift; sourceTree = "<group>"; };
		658B67E12C66176200BED98B /* ThemeChangeView.swift */ = {isa = PBXFileReference; lastKnownFileType = sourcecode.swift; path = ThemeChangeView.swift; sourceTree = "<group>"; };
		658B67E52C6760E000BED98B /* YoutubeMusicView.swift */ = {isa = PBXFileReference; lastKnownFileType = sourcecode.swift; path = YoutubeMusicView.swift; sourceTree = "<group>"; };
		658B67E72C67C7F000BED98B /* FirstMusicView.swift */ = {isa = PBXFileReference; lastKnownFileType = sourcecode.swift; path = FirstMusicView.swift; sourceTree = "<group>"; };
		658B67E92C68A4D800BED98B /* ShoppingView.swift */ = {isa = PBXFileReference; lastKnownFileType = sourcecode.swift; path = ShoppingView.swift; sourceTree = "<group>"; };
		658B67EC2C68A5A800BED98B /* ShoppingItemView.swift */ = {isa = PBXFileReference; lastKnownFileType = sourcecode.swift; path = ShoppingItemView.swift; sourceTree = "<group>"; };
		658B67EE2C6A24D000BED98B /* SpotifyiOS.xcframework */ = {isa = PBXFileReference; expectedSignature = "AppleDeveloperProgram:2FNC3A47ZF:Spotify"; lastKnownFileType = wrapper.xcframework; path = SpotifyiOS.xcframework; sourceTree = "<group>"; };
		658B67F02C6A25D600BED98B /* DracApp-Bridging-Header.h */ = {isa = PBXFileReference; lastKnownFileType = sourcecode.c.h; path = "DracApp-Bridging-Header.h"; sourceTree = "<group>"; };
		658B67F32C6A2BFA00BED98B /* Constants.swift */ = {isa = PBXFileReference; lastKnownFileType = sourcecode.swift; path = Constants.swift; sourceTree = "<group>"; };
		658B67F52C6A525200BED98B /* SpotifyViewModel.swift */ = {isa = PBXFileReference; lastKnownFileType = sourcecode.swift; path = SpotifyViewModel.swift; sourceTree = "<group>"; };
		658B67F72C6A6E0900BED98B /* SpotifyView.swift */ = {isa = PBXFileReference; lastKnownFileType = sourcecode.swift; path = SpotifyView.swift; sourceTree = "<group>"; };
		659465412C5E7C0300D58326 /* ActiveView.swift */ = {isa = PBXFileReference; lastKnownFileType = sourcecode.swift; path = ActiveView.swift; sourceTree = "<group>"; };
		65AF5B452C8C568700098D6F /* en */ = {isa = PBXFileReference; lastKnownFileType = text.plist.strings; name = en; path = en.lproj/Localizable.strings; sourceTree = "<group>"; };
		65AF5B472C8C572800098D6F /* tr */ = {isa = PBXFileReference; lastKnownFileType = text.plist.strings; name = tr; path = tr.lproj/Localizable.strings; sourceTree = "<group>"; };
		65B87E642C73DD69002047F8 /* YoutubeMusicViewModel.swift */ = {isa = PBXFileReference; lastKnownFileType = sourcecode.swift; path = YoutubeMusicViewModel.swift; sourceTree = "<group>"; };
		65B87E662C73DECA002047F8 /* MusicView.swift */ = {isa = PBXFileReference; lastKnownFileType = sourcecode.swift; path = MusicView.swift; sourceTree = "<group>"; };
		65CA7EB52C6113A5003BCE79 /* OnboardingView.swift */ = {isa = PBXFileReference; lastKnownFileType = sourcecode.swift; path = OnboardingView.swift; sourceTree = "<group>"; };
		65CA7EB72C613403003BCE79 /* WelcomeMessageView.swift */ = {isa = PBXFileReference; lastKnownFileType = sourcecode.swift; path = WelcomeMessageView.swift; sourceTree = "<group>"; };
		65CA7EB92C613E5E003BCE79 /* SettingsView.swift */ = {isa = PBXFileReference; lastKnownFileType = sourcecode.swift; path = SettingsView.swift; sourceTree = "<group>"; };
		65DC9B072C721C810025CC7D /* MapView.swift */ = {isa = PBXFileReference; lastKnownFileType = sourcecode.swift; path = MapView.swift; sourceTree = "<group>"; };
		65DC9B092C735E6C0025CC7D /* AppleMusicView.swift */ = {isa = PBXFileReference; lastKnownFileType = sourcecode.swift; path = AppleMusicView.swift; sourceTree = "<group>"; };
		65E01F0D2C63B32F000D0780 /* LocationManager.swift */ = {isa = PBXFileReference; lastKnownFileType = sourcecode.swift; path = LocationManager.swift; sourceTree = "<group>"; };
		65F5AECF2C8CAAA7004DF9EB /* de */ = {isa = PBXFileReference; lastKnownFileType = text.plist.strings; name = de; path = de.lproj/Localizable.strings; sourceTree = "<group>"; };
		65F5AED02C8CAB4F004DF9EB /* fr */ = {isa = PBXFileReference; lastKnownFileType = text.plist.strings; name = fr; path = fr.lproj/Localizable.strings; sourceTree = "<group>"; };
		65FC2FF32C776AFB00D9C068 /* SleepModeView.swift */ = {isa = PBXFileReference; lastKnownFileType = sourcecode.swift; path = SleepModeView.swift; sourceTree = "<group>"; };
		65FC2FF52C7776CD00D9C068 /* RadioView.swift */ = {isa = PBXFileReference; lastKnownFileType = sourcecode.swift; path = RadioView.swift; sourceTree = "<group>"; };
/* End PBXFileReference section */

/* Begin PBXFrameworksBuildPhase section */
		650C4E822C5D171C003F2566 /* Frameworks */ = {
			isa = PBXFrameworksBuildPhase;
			buildActionMask = 2147483647;
			files = (
				658545DE2C76782C00E368AD /* YouTubePlayerKit in Frameworks */,
				658B67EF2C6A24D000BED98B /* SpotifyiOS.xcframework in Frameworks */,
			);
			runOnlyForDeploymentPostprocessing = 0;
		};
/* End PBXFrameworksBuildPhase section */

/* Begin PBXGroup section */
		650C4E7C2C5D171C003F2566 = {
			isa = PBXGroup;
			children = (
				650C4E872C5D171D003F2566 /* DracApp */,
				650C4E862C5D171D003F2566 /* Products */,
			);
			sourceTree = "<group>";
		};
		650C4E862C5D171D003F2566 /* Products */ = {
			isa = PBXGroup;
			children = (
				650C4E852C5D171D003F2566 /* DracApp.app */,
			);
			name = Products;
			sourceTree = "<group>";
		};
		650C4E872C5D171D003F2566 /* DracApp */ = {
			isa = PBXGroup;
			children = (
				650C4E882C5D171D003F2566 /* DracAppApp.swift */,
				65E01F0A2C63799C000D0780 /* Main */,
				65E01F0B2C6393B8000D0780 /* Begin */,
				658B67E32C67608800BED98B /* Components */,
				653BB6A52C76005300C0E7F8 /* Services */,
				650C4E8C2C5D171D003F2566 /* Assets.xcassets */,
				658B67F32C6A2BFA00BED98B /* Constants.swift */,
				658B67EE2C6A24D000BED98B /* SpotifyiOS.xcframework */,
				650C4E8E2C5D171D003F2566 /* Preview Content */,
				658B67F02C6A25D600BED98B /* DracApp-Bridging-Header.h */,
				653BB6A42C75F49300C0E7F8 /* Config.xcconfig */,
			);
			path = DracApp;
			sourceTree = "<group>";
		};
		650C4E8E2C5D171D003F2566 /* Preview Content */ = {
			isa = PBXGroup;
			children = (
				650C4E8F2C5D171D003F2566 /* Preview Assets.xcassets */,
			);
			path = "Preview Content";
			sourceTree = "<group>";
		};
		65202DB02C7A19FF00FD8FC8 /* Map */ = {
			isa = PBXGroup;
			children = (
				65DC9B072C721C810025CC7D /* MapView.swift */,
				65202DB12C7A1A4600FD8FC8 /* LocationDetailsView.swift */,
				65E01F0D2C63B32F000D0780 /* LocationManager.swift */,
			);
			path = Map;
			sourceTree = "<group>";
		};
		653BB6A52C76005300C0E7F8 /* Services */ = {
			isa = PBXGroup;
			children = (
				653BB6A62C76007500C0E7F8 /* YouTubeAPI.swift */,
			);
			path = Services;
			sourceTree = "<group>";
		};
		658B67E32C67608800BED98B /* Components */ = {
			isa = PBXGroup;
			children = (
				653735F92C60B35700A91D97 /* ComponentsView.swift */,
				65B87E612C73DCDC002047F8 /* Music */,
				658B67DF2C66132000BED98B /* SpeedView.swift */,
				65202DB02C7A19FF00FD8FC8 /* Map */,
				658B67E42C6760A600BED98B /* Setting */,
				658B67EB2C68A57D00BED98B /* Shopping */,
				65FC2FF22C776AC800D9C068 /* SleepMode */,
				65AF5B442C8C568700098D6F /* Localizable.strings */,
			);
			path = Components;
			sourceTree = "<group>";
		};
		658B67E42C6760A600BED98B /* Setting */ = {
			isa = PBXGroup;
			children = (
				65CA7EB92C613E5E003BCE79 /* SettingsView.swift */,
				658B67E12C66176200BED98B /* ThemeChangeView.swift */,
			);
			path = Setting;
			sourceTree = "<group>";
		};
		658B67EB2C68A57D00BED98B /* Shopping */ = {
			isa = PBXGroup;
			children = (
				658B67E92C68A4D800BED98B /* ShoppingView.swift */,
				658B67EC2C68A5A800BED98B /* ShoppingItemView.swift */,
			);
			path = Shopping;
			sourceTree = "<group>";
		};
		65B87E612C73DCDC002047F8 /* Music */ = {
			isa = PBXGroup;
			children = (
				658B67E72C67C7F000BED98B /* FirstMusicView.swift */,
				65B87E662C73DECA002047F8 /* MusicView.swift */,
				65DC9B092C735E6C0025CC7D /* AppleMusicView.swift */,
				65FC2FF52C7776CD00D9C068 /* RadioView.swift */,
				65B87E632C73DD26002047F8 /* Youtube */,
				65B87E622C73DCFF002047F8 /* Spotify */,
			);
			path = Music;
			sourceTree = "<group>";
		};
		65B87E622C73DCFF002047F8 /* Spotify */ = {
			isa = PBXGroup;
			children = (
				658B67F72C6A6E0900BED98B /* SpotifyView.swift */,
				658B67F52C6A525200BED98B /* SpotifyViewModel.swift */,
			);
			path = Spotify;
			sourceTree = "<group>";
		};
		65B87E632C73DD26002047F8 /* Youtube */ = {
			isa = PBXGroup;
			children = (
				658B67E52C6760E000BED98B /* YoutubeMusicView.swift */,
				658545DA2C76763800E368AD /* VideoDetailView.swift */,
				65B87E642C73DD69002047F8 /* YoutubeMusicViewModel.swift */,
			);
			path = Youtube;
			sourceTree = "<group>";
		};
		65E01F0A2C63799C000D0780 /* Main */ = {
			isa = PBXGroup;
			children = (
				650C4E8A2C5D171D003F2566 /* MainView.swift */,
				653735FB2C60B39000A91D97 /* MainViewModel.swift */,
				659465412C5E7C0300D58326 /* ActiveView.swift */,
				651A1E472C7868B500AB71B0 /* BluetoothManager.swift */,
			);
			path = Main;
			sourceTree = "<group>";
		};
		65E01F0B2C6393B8000D0780 /* Begin */ = {
			isa = PBXGroup;
			children = (
				65CA7EB72C613403003BCE79 /* WelcomeMessageView.swift */,
				65CA7EB52C6113A5003BCE79 /* OnboardingView.swift */,
			);
			path = Begin;
			sourceTree = "<group>";
		};
		65FC2FF22C776AC800D9C068 /* SleepMode */ = {
			isa = PBXGroup;
			children = (
				65FC2FF32C776AFB00D9C068 /* SleepModeView.swift */,
			);
			path = SleepMode;
			sourceTree = "<group>";
		};
/* End PBXGroup section */

/* Begin PBXNativeTarget section */
		650C4E842C5D171C003F2566 /* DracApp */ = {
			isa = PBXNativeTarget;
			buildConfigurationList = 650C4E932C5D171D003F2566 /* Build configuration list for PBXNativeTarget "DracApp" */;
			buildPhases = (
				650C4E812C5D171C003F2566 /* Sources */,
				650C4E822C5D171C003F2566 /* Frameworks */,
				650C4E832C5D171C003F2566 /* Resources */,
			);
			buildRules = (
			);
			dependencies = (
			);
			name = DracApp;
			packageProductDependencies = (
				658545DD2C76782C00E368AD /* YouTubePlayerKit */,
			);
			productName = DracApp;
			productReference = 650C4E852C5D171D003F2566 /* DracApp.app */;
			productType = "com.apple.product-type.application";
		};
/* End PBXNativeTarget section */

/* Begin PBXProject section */
		650C4E7D2C5D171C003F2566 /* Project object */ = {
			isa = PBXProject;
			attributes = {
				BuildIndependentTargetsInParallel = 1;
				LastSwiftUpdateCheck = 1540;
				LastUpgradeCheck = 1540;
				TargetAttributes = {
					650C4E842C5D171C003F2566 = {
						CreatedOnToolsVersion = 15.4;
						LastSwiftMigration = 1540;
					};
				};
			};
			buildConfigurationList = 650C4E802C5D171C003F2566 /* Build configuration list for PBXProject "DracApp" */;
			compatibilityVersion = "Xcode 14.0";
			developmentRegion = en;
			hasScannedForEncodings = 0;
			knownRegions = (
				en,
				Base,
				tr,
				de,
				fr,
			);
			mainGroup = 650C4E7C2C5D171C003F2566;
			packageReferences = (
				658545DC2C76782C00E368AD /* XCRemoteSwiftPackageReference "YouTubePlayerKit" */,
			);
			productRefGroup = 650C4E862C5D171D003F2566 /* Products */;
			projectDirPath = "";
			projectRoot = "";
			targets = (
				650C4E842C5D171C003F2566 /* DracApp */,
			);
		};
/* End PBXProject section */

/* Begin PBXResourcesBuildPhase section */
		650C4E832C5D171C003F2566 /* Resources */ = {
			isa = PBXResourcesBuildPhase;
			buildActionMask = 2147483647;
			files = (
				65AF5B462C8C568700098D6F /* Localizable.strings in Resources */,
				650C4E902C5D171D003F2566 /* Preview Assets.xcassets in Resources */,
				650C4E8D2C5D171D003F2566 /* Assets.xcassets in Resources */,
			);
			runOnlyForDeploymentPostprocessing = 0;
		};
/* End PBXResourcesBuildPhase section */

/* Begin PBXSourcesBuildPhase section */
		650C4E812C5D171C003F2566 /* Sources */ = {
			isa = PBXSourcesBuildPhase;
			buildActionMask = 2147483647;
			files = (
				658B67ED2C68A5A800BED98B /* ShoppingItemView.swift in Sources */,
				653735FC2C60B39000A91D97 /* MainViewModel.swift in Sources */,
				65CA7EBA2C613E5F003BCE79 /* SettingsView.swift in Sources */,
				653735FA2C60B35700A91D97 /* ComponentsView.swift in Sources */,
				659465422C5E7C0300D58326 /* ActiveView.swift in Sources */,
				653BB6A72C76007500C0E7F8 /* YouTubeAPI.swift in Sources */,
				65FC2FF62C7776CD00D9C068 /* RadioView.swift in Sources */,
				651A1E482C7868B500AB71B0 /* BluetoothManager.swift in Sources */,
				658B67EA2C68A4D800BED98B /* ShoppingView.swift in Sources */,
				658B67E02C66132000BED98B /* SpeedView.swift in Sources */,
				65B87E652C73DD69002047F8 /* YoutubeMusicViewModel.swift in Sources */,
				658B67F62C6A525200BED98B /* SpotifyViewModel.swift in Sources */,
				658B67F42C6A2BFA00BED98B /* Constants.swift in Sources */,
				65CA7EB62C6113A5003BCE79 /* OnboardingView.swift in Sources */,
				658B67E62C6760E000BED98B /* YoutubeMusicView.swift in Sources */,
				65FC2FF42C776AFB00D9C068 /* SleepModeView.swift in Sources */,
				658545DB2C76763800E368AD /* VideoDetailView.swift in Sources */,
				658B67F82C6A6E0900BED98B /* SpotifyView.swift in Sources */,
				65202DB22C7A1A4600FD8FC8 /* LocationDetailsView.swift in Sources */,
				650C4E8B2C5D171D003F2566 /* MainView.swift in Sources */,
				65B87E672C73DECA002047F8 /* MusicView.swift in Sources */,
				65DC9B0A2C735E6C0025CC7D /* AppleMusicView.swift in Sources */,
				658B67E82C67C7F000BED98B /* FirstMusicView.swift in Sources */,
				650C4E892C5D171D003F2566 /* DracAppApp.swift in Sources */,
				65DC9B082C721C810025CC7D /* MapView.swift in Sources */,
				65CA7EB82C613403003BCE79 /* WelcomeMessageView.swift in Sources */,
				658B67E22C66176200BED98B /* ThemeChangeView.swift in Sources */,
				65E01F0E2C63B32F000D0780 /* LocationManager.swift in Sources */,
			);
			runOnlyForDeploymentPostprocessing = 0;
		};
/* End PBXSourcesBuildPhase section */

/* Begin PBXVariantGroup section */
		65AF5B442C8C568700098D6F /* Localizable.strings */ = {
			isa = PBXVariantGroup;
			children = (
				65AF5B452C8C568700098D6F /* en */,
				65AF5B472C8C572800098D6F /* tr */,
				65F5AECF2C8CAAA7004DF9EB /* de */,
				65F5AED02C8CAB4F004DF9EB /* fr */,
			);
			name = Localizable.strings;
			sourceTree = "<group>";
		};
/* End PBXVariantGroup section */

/* Begin XCBuildConfiguration section */
		650C4E912C5D171D003F2566 /* Debug */ = {
			isa = XCBuildConfiguration;
			baseConfigurationReference = 653BB6A42C75F49300C0E7F8 /* Config.xcconfig */;
			buildSettings = {
				ALWAYS_SEARCH_USER_PATHS = NO;
				ASSETCATALOG_COMPILER_GENERATE_SWIFT_ASSET_SYMBOL_EXTENSIONS = YES;
				CLANG_ANALYZER_LOCALIZABILITY_NONLOCALIZED = YES;
				CLANG_ANALYZER_NONNULL = YES;
				CLANG_ANALYZER_NUMBER_OBJECT_CONVERSION = YES_AGGRESSIVE;
				CLANG_CXX_LANGUAGE_STANDARD = "gnu++20";
				CLANG_ENABLE_MODULES = YES;
				CLANG_ENABLE_OBJC_ARC = YES;
				CLANG_ENABLE_OBJC_WEAK = YES;
				CLANG_WARN_BLOCK_CAPTURE_AUTORELEASING = YES;
				CLANG_WARN_BOOL_CONVERSION = YES;
				CLANG_WARN_COMMA = YES;
				CLANG_WARN_CONSTANT_CONVERSION = YES;
				CLANG_WARN_DEPRECATED_OBJC_IMPLEMENTATIONS = YES;
				CLANG_WARN_DIRECT_OBJC_ISA_USAGE = YES_ERROR;
				CLANG_WARN_DOCUMENTATION_COMMENTS = YES;
				CLANG_WARN_EMPTY_BODY = YES;
				CLANG_WARN_ENUM_CONVERSION = YES;
				CLANG_WARN_INFINITE_RECURSION = YES;
				CLANG_WARN_INT_CONVERSION = YES;
				CLANG_WARN_NON_LITERAL_NULL_CONVERSION = YES;
				CLANG_WARN_OBJC_IMPLICIT_RETAIN_SELF = YES;
				CLANG_WARN_OBJC_LITERAL_CONVERSION = YES;
				CLANG_WARN_OBJC_ROOT_CLASS = YES_ERROR;
				CLANG_WARN_QUOTED_INCLUDE_IN_FRAMEWORK_HEADER = YES;
				CLANG_WARN_RANGE_LOOP_ANALYSIS = YES;
				CLANG_WARN_STRICT_PROTOTYPES = YES;
				CLANG_WARN_SUSPICIOUS_MOVE = YES;
				CLANG_WARN_UNGUARDED_AVAILABILITY = YES_AGGRESSIVE;
				CLANG_WARN_UNREACHABLE_CODE = YES;
				CLANG_WARN__DUPLICATE_METHOD_MATCH = YES;
				COPY_PHASE_STRIP = NO;
				DEBUG_INFORMATION_FORMAT = dwarf;
				ENABLE_STRICT_OBJC_MSGSEND = YES;
				ENABLE_TESTABILITY = YES;
				ENABLE_USER_SCRIPT_SANDBOXING = YES;
				GCC_C_LANGUAGE_STANDARD = gnu17;
				GCC_DYNAMIC_NO_PIC = NO;
				GCC_NO_COMMON_BLOCKS = YES;
				GCC_OPTIMIZATION_LEVEL = 0;
				GCC_PREPROCESSOR_DEFINITIONS = (
					"DEBUG=1",
					"$(inherited)",
				);
				GCC_WARN_64_TO_32_BIT_CONVERSION = YES;
				GCC_WARN_ABOUT_RETURN_TYPE = YES_ERROR;
				GCC_WARN_UNDECLARED_SELECTOR = YES;
				GCC_WARN_UNINITIALIZED_AUTOS = YES_AGGRESSIVE;
				GCC_WARN_UNUSED_FUNCTION = YES;
				GCC_WARN_UNUSED_VARIABLE = YES;
				IPHONEOS_DEPLOYMENT_TARGET = 17.5;
				LOCALIZATION_PREFERS_STRING_CATALOGS = YES;
				MTL_ENABLE_DEBUG_INFO = INCLUDE_SOURCE;
				MTL_FAST_MATH = YES;
				ONLY_ACTIVE_ARCH = YES;
				SDKROOT = iphoneos;
				SWIFT_ACTIVE_COMPILATION_CONDITIONS = "DEBUG $(inherited)";
				SWIFT_OPTIMIZATION_LEVEL = "-Onone";
			};
			name = Debug;
		};
		650C4E922C5D171D003F2566 /* Release */ = {
			isa = XCBuildConfiguration;
			baseConfigurationReference = 653BB6A42C75F49300C0E7F8 /* Config.xcconfig */;
			buildSettings = {
				ALWAYS_SEARCH_USER_PATHS = NO;
				ASSETCATALOG_COMPILER_GENERATE_SWIFT_ASSET_SYMBOL_EXTENSIONS = YES;
				CLANG_ANALYZER_LOCALIZABILITY_NONLOCALIZED = YES;
				CLANG_ANALYZER_NONNULL = YES;
				CLANG_ANALYZER_NUMBER_OBJECT_CONVERSION = YES_AGGRESSIVE;
				CLANG_CXX_LANGUAGE_STANDARD = "gnu++20";
				CLANG_ENABLE_MODULES = YES;
				CLANG_ENABLE_OBJC_ARC = YES;
				CLANG_ENABLE_OBJC_WEAK = YES;
				CLANG_WARN_BLOCK_CAPTURE_AUTORELEASING = YES;
				CLANG_WARN_BOOL_CONVERSION = YES;
				CLANG_WARN_COMMA = YES;
				CLANG_WARN_CONSTANT_CONVERSION = YES;
				CLANG_WARN_DEPRECATED_OBJC_IMPLEMENTATIONS = YES;
				CLANG_WARN_DIRECT_OBJC_ISA_USAGE = YES_ERROR;
				CLANG_WARN_DOCUMENTATION_COMMENTS = YES;
				CLANG_WARN_EMPTY_BODY = YES;
				CLANG_WARN_ENUM_CONVERSION = YES;
				CLANG_WARN_INFINITE_RECURSION = YES;
				CLANG_WARN_INT_CONVERSION = YES;
				CLANG_WARN_NON_LITERAL_NULL_CONVERSION = YES;
				CLANG_WARN_OBJC_IMPLICIT_RETAIN_SELF = YES;
				CLANG_WARN_OBJC_LITERAL_CONVERSION = YES;
				CLANG_WARN_OBJC_ROOT_CLASS = YES_ERROR;
				CLANG_WARN_QUOTED_INCLUDE_IN_FRAMEWORK_HEADER = YES;
				CLANG_WARN_RANGE_LOOP_ANALYSIS = YES;
				CLANG_WARN_STRICT_PROTOTYPES = YES;
				CLANG_WARN_SUSPICIOUS_MOVE = YES;
				CLANG_WARN_UNGUARDED_AVAILABILITY = YES_AGGRESSIVE;
				CLANG_WARN_UNREACHABLE_CODE = YES;
				CLANG_WARN__DUPLICATE_METHOD_MATCH = YES;
				COPY_PHASE_STRIP = NO;
				DEBUG_INFORMATION_FORMAT = "dwarf-with-dsym";
				ENABLE_NS_ASSERTIONS = NO;
				ENABLE_STRICT_OBJC_MSGSEND = YES;
				ENABLE_USER_SCRIPT_SANDBOXING = YES;
				GCC_C_LANGUAGE_STANDARD = gnu17;
				GCC_NO_COMMON_BLOCKS = YES;
				GCC_WARN_64_TO_32_BIT_CONVERSION = YES;
				GCC_WARN_ABOUT_RETURN_TYPE = YES_ERROR;
				GCC_WARN_UNDECLARED_SELECTOR = YES;
				GCC_WARN_UNINITIALIZED_AUTOS = YES_AGGRESSIVE;
				GCC_WARN_UNUSED_FUNCTION = YES;
				GCC_WARN_UNUSED_VARIABLE = YES;
				IPHONEOS_DEPLOYMENT_TARGET = 17.5;
				LOCALIZATION_PREFERS_STRING_CATALOGS = YES;
				MTL_ENABLE_DEBUG_INFO = NO;
				MTL_FAST_MATH = YES;
				SDKROOT = iphoneos;
				SWIFT_COMPILATION_MODE = wholemodule;
				VALIDATE_PRODUCT = YES;
			};
			name = Release;
		};
		650C4E942C5D171D003F2566 /* Debug */ = {
			isa = XCBuildConfiguration;
			buildSettings = {
				ASSETCATALOG_COMPILER_APPICON_NAME = AppIcon;
				ASSETCATALOG_COMPILER_GLOBAL_ACCENT_COLOR_NAME = AccentColor;
				CLANG_ENABLE_MODULES = YES;
				CODE_SIGN_STYLE = Automatic;
				CURRENT_PROJECT_VERSION = 1;
				DEVELOPMENT_ASSET_PATHS = "\"DracApp/Preview Content\"";
				DEVELOPMENT_TEAM = 2BJUT72GH8;
				ENABLE_PREVIEWS = YES;
				GENERATE_INFOPLIST_FILE = YES;
				INFOPLIST_FILE = DracApp/Info.plist;
				INFOPLIST_KEY_CFBundleDisplayName = Drac;
				INFOPLIST_KEY_NSLocationWhenInUseUsageDescription = "Konum izni";
				INFOPLIST_KEY_UIApplicationSceneManifest_Generation = YES;
				INFOPLIST_KEY_UIApplicationSupportsIndirectInputEvents = YES;
				INFOPLIST_KEY_UILaunchScreen_Generation = YES;
				INFOPLIST_KEY_UISupportedInterfaceOrientations_iPad = "UIInterfaceOrientationPortrait UIInterfaceOrientationPortraitUpsideDown UIInterfaceOrientationLandscapeLeft UIInterfaceOrientationLandscapeRight";
				INFOPLIST_KEY_UISupportedInterfaceOrientations_iPhone = "UIInterfaceOrientationPortrait UIInterfaceOrientationLandscapeLeft UIInterfaceOrientationLandscapeRight";
				LD_RUNPATH_SEARCH_PATHS = (
					"$(inherited)",
					"@executable_path/Frameworks",
				);
				MARKETING_VERSION = 1.0;
				OTHER_LDFLAGS = "-ObjC";
				PRODUCT_BUNDLE_IDENTIFIER = feyzullahdurasi.DracApp;
				PRODUCT_NAME = "$(TARGET_NAME)";
				SWIFT_EMIT_LOC_STRINGS = YES;
				SWIFT_OBJC_BRIDGING_HEADER = "DracApp/DracApp-Bridging-Header.h";
				SWIFT_OPTIMIZATION_LEVEL = "-Onone";
				SWIFT_VERSION = 5.0;
				TARGETED_DEVICE_FAMILY = "1,2";
			};
			name = Debug;
		};
		650C4E952C5D171D003F2566 /* Release */ = {
			isa = XCBuildConfiguration;
			buildSettings = {
				ASSETCATALOG_COMPILER_APPICON_NAME = AppIcon;
				ASSETCATALOG_COMPILER_GLOBAL_ACCENT_COLOR_NAME = AccentColor;
				CLANG_ENABLE_MODULES = YES;
				CODE_SIGN_STYLE = Automatic;
				CURRENT_PROJECT_VERSION = 1;
				DEVELOPMENT_ASSET_PATHS = "\"DracApp/Preview Content\"";
				DEVELOPMENT_TEAM = 2BJUT72GH8;
				ENABLE_PREVIEWS = YES;
				GENERATE_INFOPLIST_FILE = YES;
				INFOPLIST_FILE = DracApp/Info.plist;
				INFOPLIST_KEY_CFBundleDisplayName = Drac;
				INFOPLIST_KEY_NSLocationWhenInUseUsageDescription = "Konum izni";
				INFOPLIST_KEY_UIApplicationSceneManifest_Generation = YES;
				INFOPLIST_KEY_UIApplicationSupportsIndirectInputEvents = YES;
				INFOPLIST_KEY_UILaunchScreen_Generation = YES;
				INFOPLIST_KEY_UISupportedInterfaceOrientations_iPad = "UIInterfaceOrientationPortrait UIInterfaceOrientationPortraitUpsideDown UIInterfaceOrientationLandscapeLeft UIInterfaceOrientationLandscapeRight";
				INFOPLIST_KEY_UISupportedInterfaceOrientations_iPhone = "UIInterfaceOrientationPortrait UIInterfaceOrientationLandscapeLeft UIInterfaceOrientationLandscapeRight";
				LD_RUNPATH_SEARCH_PATHS = (
					"$(inherited)",
					"@executable_path/Frameworks",
				);
				MARKETING_VERSION = 1.0;
				OTHER_LDFLAGS = "-ObjC";
				PRODUCT_BUNDLE_IDENTIFIER = feyzullahdurasi.DracApp;
				PRODUCT_NAME = "$(TARGET_NAME)";
				SWIFT_EMIT_LOC_STRINGS = YES;
				SWIFT_OBJC_BRIDGING_HEADER = "DracApp/DracApp-Bridging-Header.h";
				SWIFT_VERSION = 5.0;
				TARGETED_DEVICE_FAMILY = "1,2";
			};
			name = Release;
		};
/* End XCBuildConfiguration section */

/* Begin XCConfigurationList section */
		650C4E802C5D171C003F2566 /* Build configuration list for PBXProject "DracApp" */ = {
			isa = XCConfigurationList;
			buildConfigurations = (
				650C4E912C5D171D003F2566 /* Debug */,
				650C4E922C5D171D003F2566 /* Release */,
			);
			defaultConfigurationIsVisible = 0;
			defaultConfigurationName = Release;
		};
		650C4E932C5D171D003F2566 /* Build configuration list for PBXNativeTarget "DracApp" */ = {
			isa = XCConfigurationList;
			buildConfigurations = (
				650C4E942C5D171D003F2566 /* Debug */,
				650C4E952C5D171D003F2566 /* Release */,
			);
			defaultConfigurationIsVisible = 0;
			defaultConfigurationName = Release;
		};
/* End XCConfigurationList section */

/* Begin XCRemoteSwiftPackageReference section */
		658545DC2C76782C00E368AD /* XCRemoteSwiftPackageReference "YouTubePlayerKit" */ = {
			isa = XCRemoteSwiftPackageReference;
			repositoryURL = "https://github.com/SvenTiigi/YouTubePlayerKit.git";
			requirement = {
				kind = upToNextMajorVersion;
				minimumVersion = 1.9.0;
			};
		};
/* End XCRemoteSwiftPackageReference section */

/* Begin XCSwiftPackageProductDependency section */
		658545DD2C76782C00E368AD /* YouTubePlayerKit */ = {
			isa = XCSwiftPackageProductDependency;
			package = 658545DC2C76782C00E368AD /* XCRemoteSwiftPackageReference "YouTubePlayerKit" */;
			productName = YouTubePlayerKit;
		};
/* End XCSwiftPackageProductDependency section */
	};
	rootObject = 650C4E7D2C5D171C003F2566 /* Project object */;
}
